
Microsoft Visual Studio Solution File, Format Version 12.00
# Visual Studio Version 17
VisualStudioVersion = 17.4.33110.190
MinimumVisualStudioVersion = 10.0.40219.1
Project("{FAE04EC0-301F-11D3-BF4B-00C04F79EFBC}") = "BlazorInformationDashboard", "BlazorInformationDashboard\BlazorInformationDashboard.csproj", "{AEB61839-DFBF-4B98-A9C7-3F20CB26D6BC}"
EndProject
Global
	GlobalSection(SolutionConfigurationPlatforms) = preSolution
		Debug|Any CPU = Debug|Any CPU
		Release|Any CPU = Release|Any CPU
	EndGlobalSection
	GlobalSection(ProjectConfigurationPlatforms) = postSolution
		{AEB61839-DFBF-4B98-A9C7-3F20CB26D6BC}.Debug|Any CPU.ActiveCfg = Debug|Any CPU
		{AEB61839-DFBF-4B98-A9C7-3F20CB26D6BC}.Debug|Any CPU.Build.0 = Debug|Any CPU
		{AEB61839-DFBF-4B98-A9C7-3F20CB26D6BC}.Release|Any CPU.ActiveCfg = Release|Any CPU
		{AEB61839-DFBF-4B98-A9C7-3F20CB26D6BC}.Release|Any CPU.Build.0 = Release|Any CPU
	EndGlobalSection
	GlobalSection(SolutionProperties) = preSolution
		HideSolutionNode = FALSE
	EndGlobalSection
	GlobalSection(ExtensibilityGlobals) = postSolution
		SolutionGuid = {D06E1B28-04C1-4AA3-837A-6A0D7B3A32F5}
	EndGlobalSection
EndGlobal
